
Microsoft Visual Studio Solution File, Format Version 12.00
# Visual Studio 15
VisualStudioVersion = 15.0.26711.1
MinimumVisualStudioVersion = 10.0.40219.1
Project("{FAE04EC0-301F-11D3-BF4B-00C04F79EFBC}") = "Senit", "Senit\Senit.csproj", "{E6A0E224-6926-4AB9-965B-DF2389A0C9BE}"
EndProject
Global
	GlobalSection(SolutionConfigurationPlatforms) = preSolution
		Debug|Any CPU = Debug|Any CPU
		Release|Any CPU = Release|Any CPU
	EndGlobalSection
	GlobalSection(ProjectConfigurationPlatforms) = postSolution
		{E6A0E224-6926-4AB9-965B-DF2389A0C9BE}.Debug|Any CPU.ActiveCfg = Debug|Any CPU
		{E6A0E224-6926-4AB9-965B-DF2389A0C9BE}.Debug|Any CPU.Build.0 = Debug|Any CPU
		{E6A0E224-6926-4AB9-965B-DF2389A0C9BE}.Release|Any CPU.ActiveCfg = Release|Any CPU
		{E6A0E224-6926-4AB9-965B-DF2389A0C9BE}.Release|Any CPU.Build.0 = Release|Any CPU
	EndGlobalSection
	GlobalSection(SolutionProperties) = preSolution
		HideSolutionNode = FALSE
	EndGlobalSection
	GlobalSection(ExtensibilityGlobals) = postSolution
		SolutionGuid = {022CBA6C-859B-4502-9186-4D31F61EAB55}
	EndGlobalSection
EndGlobal
